PODS:
  - Flutter (1.0.0)
  - flutter_keychain (0.0.1):
    - Flutter

DEPENDENCIES:
  - Flutter (from `.symlinks/flutter/ios`)
  - flutter_keychain (from `.symlinks/plugins/flutter_keychain/ios`)

EXTERNAL SOURCES:
  Flutter:
    :path: ".symlinks/flutter/ios"
  flutter_keychain:
    :path: ".symlinks/plugins/flutter_keychain/ios"

SPEC CHECKSUMS:
  Flutter: 58dd7d1b27887414a370fcccb9e645c08ffd7a6a
  flutter_keychain: 01aabf894ffe8b01adfda1d9df21c210c1b4b452

PODFILE CHECKSUM: 7fb83752f59ead6285236625b82473f90b1cb932

COCOAPODS: 1.7.1
